
Microsoft Visual Studio Solution File, Format Version 12.00
# Visual Studio 15
VisualStudioVersion = 15.0.27130.2036
MinimumVisualStudioVersion = 10.0.40219.1
Project("{FAE04EC0-301F-11D3-BF4B-00C04F79EFBC}") = "OOP_lab_9", "OOP_lab_9\OOP_lab_9.csproj", "{CE9562F0-2452-4E30-A5E5-AD2D443F3011}"
EndProject
Global
	GlobalSection(SolutionConfigurationPlatforms) = preSolution
		Debug|Any CPU = Debug|Any CPU
		Release|Any CPU = Release|Any CPU
	EndGlobalSection
	GlobalSection(ProjectConfigurationPlatforms) = postSolution
		{CE9562F0-2452-4E30-A5E5-AD2D443F3011}.Debug|Any CPU.ActiveCfg = Debug|Any CPU
		{CE9562F0-2452-4E30-A5E5-AD2D443F3011}.Debug|Any CPU.Build.0 = Debug|Any CPU
		{CE9562F0-2452-4E30-A5E5-AD2D443F3011}.Release|Any CPU.ActiveCfg = Release|Any CPU
		{CE9562F0-2452-4E30-A5E5-AD2D443F3011}.Release|Any CPU.Build.0 = Release|Any CPU
	EndGlobalSection
	GlobalSection(SolutionProperties) = preSolution
		HideSolutionNode = FALSE
	EndGlobalSection
	GlobalSection(ExtensibilityGlobals) = postSolution
		SolutionGuid = {8B5094C1-7F1A-411E-8560-ED8F9B294DBD}
	EndGlobalSection
EndGlobal
